
Microsoft Visual Studio Solution File, Format Version 12.00
# Visual Studio Version 17
VisualStudioVersion = 17.14.36203.30 d17.14
MinimumVisualStudioVersion = 10.0.40219.1
Project("{FAE04EC0-301F-11D3-BF4B-00C04F79EFBC}") = "Sandbox.API", "Sandbox.API\Sandbox.API.csproj", "{C68C05F6-B634-91A9-2C17-8FD62331CBCD}"
EndProject
Project("{FAE04EC0-301F-11D3-BF4B-00C04F79EFBC}") = "Sandbox.AppHost", "Sandbox.AppHost\Sandbox.AppHost.csproj", "{2698D7E8-0995-48B4-AED0-68393F4AD647}"
EndProject
Project("{FAE04EC0-301F-11D3-BF4B-00C04F79EFBC}") = "Sandbox.ServiceDefaults", "Sandbox.ServiceDefaults\Sandbox.ServiceDefaults.csproj", "{EF631729-1DBD-CCDE-8963-4F1031A9AA35}"
EndProject
Project("{2150E333-8FDC-42A3-9474-1A3956D46DE8}") = "src", "src", "{02EA681E-C7D8-13C7-8484-4AC65E1B71E8}"
EndProject
Project("{2150E333-8FDC-42A3-9474-1A3956D46DE8}") = "Solution Items", "Solution Items", "{8EC462FD-D22E-90A8-E5CE-7E832BA40C5D}"
	ProjectSection(SolutionItems) = preProject
		Directory.Build.props = Directory.Build.props
		Directory.Packages.props = Directory.Packages.props
	EndProjectSection
EndProject
Global
	GlobalSection(SolutionConfigurationPlatforms) = preSolution
		Debug|Any CPU = Debug|Any CPU
		Release|Any CPU = Release|Any CPU
	EndGlobalSection
	GlobalSection(ProjectConfigurationPlatforms) = postSolution
		{C68C05F6-B634-91A9-2C17-8FD62331CBCD}.Debug|Any CPU.ActiveCfg = Debug|Any CPU
		{C68C05F6-B634-91A9-2C17-8FD62331CBCD}.Debug|Any CPU.Build.0 = Debug|Any CPU
		{C68C05F6-B634-91A9-2C17-8FD62331CBCD}.Release|Any CPU.ActiveCfg = Release|Any CPU
		{C68C05F6-B634-91A9-2C17-8FD62331CBCD}.Release|Any CPU.Build.0 = Release|Any CPU
		{2698D7E8-0995-48B4-AED0-68393F4AD647}.Debug|Any CPU.ActiveCfg = Debug|Any CPU
		{2698D7E8-0995-48B4-AED0-68393F4AD647}.Debug|Any CPU.Build.0 = Debug|Any CPU
		{2698D7E8-0995-48B4-AED0-68393F4AD647}.Release|Any CPU.ActiveCfg = Release|Any CPU
		{2698D7E8-0995-48B4-AED0-68393F4AD647}.Release|Any CPU.Build.0 = Release|Any CPU
		{EF631729-1DBD-CCDE-8963-4F1031A9AA35}.Debug|Any CPU.ActiveCfg = Debug|Any CPU
		{EF631729-1DBD-CCDE-8963-4F1031A9AA35}.Debug|Any CPU.Build.0 = Debug|Any CPU
		{EF631729-1DBD-CCDE-8963-4F1031A9AA35}.Release|Any CPU.ActiveCfg = Release|Any CPU
		{EF631729-1DBD-CCDE-8963-4F1031A9AA35}.Release|Any CPU.Build.0 = Release|Any CPU
	EndGlobalSection
	GlobalSection(SolutionProperties) = preSolution
		HideSolutionNode = FALSE
	EndGlobalSection
	GlobalSection(NestedProjects) = preSolution
		{C68C05F6-B634-91A9-2C17-8FD62331CBCD} = {02EA681E-C7D8-13C7-8484-4AC65E1B71E8}
		{2698D7E8-0995-48B4-AED0-68393F4AD647} = {02EA681E-C7D8-13C7-8484-4AC65E1B71E8}
		{EF631729-1DBD-CCDE-8963-4F1031A9AA35} = {02EA681E-C7D8-13C7-8484-4AC65E1B71E8}
	EndGlobalSection
	GlobalSection(ExtensibilityGlobals) = postSolution
		SolutionGuid = {0B54B4D6-AB6B-46F0-B274-31E0A6985928}
	EndGlobalSection
EndGlobal
